
Microsoft Visual Studio Solution File, Format Version 12.00
# Visual Studio Version 16
VisualStudioVersion = 16.0.30406.217
MinimumVisualStudioVersion = 10.0.40219.1
Project("{FAE04EC0-301F-11D3-BF4B-00C04F79EFBC}") = "seyahatacentasıform", "seyahatacentasıform\seyahatacentasıform.csproj", "{BC05FB4F-FB12-431C-94F2-BBE6387097FD}"
EndProject
Global
	GlobalSection(SolutionConfigurationPlatforms) = preSolution
		Debug|Any CPU = Debug|Any CPU
		Release|Any CPU = Release|Any CPU
	EndGlobalSection
	GlobalSection(ProjectConfigurationPlatforms) = postSolution
		{BC05FB4F-FB12-431C-94F2-BBE6387097FD}.Debug|Any CPU.ActiveCfg = Debug|Any CPU
		{BC05FB4F-FB12-431C-94F2-BBE6387097FD}.Debug|Any CPU.Build.0 = Debug|Any CPU
		{BC05FB4F-FB12-431C-94F2-BBE6387097FD}.Release|Any CPU.ActiveCfg = Release|Any CPU
		{BC05FB4F-FB12-431C-94F2-BBE6387097FD}.Release|Any CPU.Build.0 = Release|Any CPU
	EndGlobalSection
	GlobalSection(SolutionProperties) = preSolution
		HideSolutionNode = FALSE
	EndGlobalSection
	GlobalSection(ExtensibilityGlobals) = postSolution
		SolutionGuid = {762B6F97-38AC-4D39-B48D-DF1BE4AF099F}
	EndGlobalSection
EndGlobal
